{
  "requires": true,
  "lockfileVersion": 1,
  "dependencies": {
    "vue-page-transition": {
      "version": "0.2.2",
      "resolved": "https://registry.npmjs.org/vue-page-transition/-/vue-page-transition-0.2.2.tgz",
      "integrity": "sha512-qOx+llJ28XX0VwJNJ4GVaeNBPRmPMZac2QQgrIHVUhpXyJx2CQ2XvoQOpGD1ge7QMY3PjZ6fwTbdBwZkA3I9qA=="
    }
  }
}
